{
  "requires": true,
  "lockfileVersion": 1,
  "dependencies": {
    "bootstrap": {
      "version": "4.3.1",
      "resolved": "https://registry.npmjs.org/bootstrap/-/bootstrap-4.3.1.tgz",
      "integrity": "sha512-rXqOmH1VilAt2DyPzluTi2blhk17bO7ef+zLLPlWvG494pDxcM234pJ8wTc/6R40UWizAIIMgxjvxZg5kmsbag=="
    },
    "jquery": {
      "version": "3.4.1",
      "resolved": "https://registry.npmjs.org/jquery/-/jquery-3.4.1.tgz",
      "integrity": "sha512-36+AdBzCL+y6qjw5Tx7HgzeGCzC81MDDgaUP8ld2zhx58HdqXGoBd+tHdrBMiyjGQs0Hxs/MLZTu/eHNJJuWPw=="
    },
    "ngx-bootstrap": {
      "version": "5.2.0",
      "resolved": "https://registry.npmjs.org/ngx-bootstrap/-/ngx-bootstrap-5.2.0.tgz",
      "integrity": "sha512-fh+OmaEdxCZnVLQFLqexdw4Xv0Lp2Ueq7un52gF26lTENhTAypGWgf2c92HXzbp4W/B0tnwIZ9mzQPwdDMH91w=="
    },
    "popper.js": {
      "version": "1.16.0",
      "resolved": "https://registry.npmjs.org/popper.js/-/popper.js-1.16.0.tgz",
      "integrity": "sha512-+G+EkOPoE5S/zChTpmBSSDYmhXJ5PsW8eMhH8cP/CQHMFPBG/kC9Y5IIw6qNYgdJ+/COf0ddY2li28iHaZRSjw=="
    },
    "time-stamp": {
      "version": "2.2.0",
      "resolved": "https://registry.npmjs.org/time-stamp/-/time-stamp-2.2.0.tgz",
      "integrity": "sha512-zxke8goJQpBeEgD82CXABeMh0LSJcj7CXEd0OHOg45HgcofF7pxNwZm9+RknpxpDhwN4gFpySkApKfFYfRQnUA=="
    }
  }
}
